// !$*UTF8*$!
{
	archiveVersion = 1;
	classes = {
	};
	objectVersion = 46;
	objects = {

/* Begin PBXBuildFile section */
		42659AC81A2CB789BFC0AF94 /* libPods-RoomInTests.a in Frameworks */ = {isa = PBXBuildFile; fileRef = 390725993E151598F52AF3D5 /* libPods-RoomInTests.a */; };
		9B1BA5B706574B7BDF288C50 /* libPods-RoomIn.a in Frameworks */ = {isa = PBXBuildFile; fileRef = 343619112B419649E18F3E7D /* libPods-RoomIn.a */; };
		AB4105C61DF6B02200BF1B6A /* main.m in Sources */ = {isa = PBXBuildFile; fileRef = AB4105C51DF6B02200BF1B6A /* main.m */; };
		AB4105C91DF6B02200BF1B6A /* AppDelegate.m in Sources */ = {isa = PBXBuildFile; fileRef = AB4105C81DF6B02200BF1B6A /* AppDelegate.m */; };
		AB4105CF1DF6B02200BF1B6A /* Main.storyboard in Resources */ = {isa = PBXBuildFile; fileRef = AB4105CD1DF6B02200BF1B6A /* Main.storyboard */; };
		AB4105D11DF6B02200BF1B6A /* Assets.xcassets in Resources */ = {isa = PBXBuildFile; fileRef = AB4105D01DF6B02200BF1B6A /* Assets.xcassets */; };
		AB4105D41DF6B02200BF1B6A /* LaunchScreen.storyboard in Resources */ = {isa = PBXBuildFile; fileRef = AB4105D21DF6B02200BF1B6A /* LaunchScreen.storyboard */; };
		AB4105DF1DF6B02200BF1B6A /* RoomInTests.m in Sources */ = {isa = PBXBuildFile; fileRef = AB4105DE1DF6B02200BF1B6A /* RoomInTests.m */; };
		ABA710C81DF737B500FA1F89 /* ResultsViewController.m in Sources */ = {isa = PBXBuildFile; fileRef = ABA710C71DF737B500FA1F89 /* ResultsViewController.m */; };
		ABA710CB1DF737E100FA1F89 /* FiltersViewController.m in Sources */ = {isa = PBXBuildFile; fileRef = ABA710CA1DF737E100FA1F89 /* FiltersViewController.m */; };
		ABA710D21DF7392D00FA1F89 /* ProfileViewController.m in Sources */ = {isa = PBXBuildFile; fileRef = ABA710D11DF7392D00FA1F89 /* ProfileViewController.m */; };
		ABA710D51DF7393E00FA1F89 /* EditProfileViewController.m in Sources */ = {isa = PBXBuildFile; fileRef = ABA710D41DF7393E00FA1F89 /* EditProfileViewController.m */; };
		ABA710D81DF7397100FA1F89 /* MatchesViewController.m in Sources */ = {isa = PBXBuildFile; fileRef = ABA710D71DF7397100FA1F89 /* MatchesViewController.m */; };
		ABA710DB1DF7397B00FA1F89 /* MatchDetailsViewController.m in Sources */ = {isa = PBXBuildFile; fileRef = ABA710DA1DF7397B00FA1F89 /* MatchDetailsViewController.m */; };
		ABA710DE1DF7398400FA1F89 /* SortMatchesViewController.m in Sources */ = {isa = PBXBuildFile; fileRef = ABA710DD1DF7398400FA1F89 /* SortMatchesViewController.m */; };
		ABA710E11DF7399F00FA1F89 /* MessagesViewController.m in Sources */ = {isa = PBXBuildFile; fileRef = ABA710E01DF7399F00FA1F89 /* MessagesViewController.m */; };
		ABA710E41DF739AC00FA1F89 /* SortMessagesViewController.m in Sources */ = {isa = PBXBuildFile; fileRef = ABA710E31DF739AC00FA1F89 /* SortMessagesViewController.m */; };
		ABA710E71DF739D100FA1F89 /* MessageDetailsViewController.m in Sources */ = {isa = PBXBuildFile; fileRef = ABA710E61DF739D100FA1F89 /* MessageDetailsViewController.m */; };
		ABA710EA1DF741C100FA1F89 /* SearchResultCell.m in Sources */ = {isa = PBXBuildFile; fileRef = ABA710E91DF741C100FA1F89 /* SearchResultCell.m */; };
		ABA710F01DF7433600FA1F89 /* MatchCell.m in Sources */ = {isa = PBXBuildFile; fileRef = ABA710EF1DF7433600FA1F89 /* MatchCell.m */; };
		ABA710F31DF7590A00FA1F89 /* MessageCell.m in Sources */ = {isa = PBXBuildFile; fileRef = ABA710F21DF7590A00FA1F89 /* MessageCell.m */; };
		ABA710F61DF75B3E00FA1F89 /* ChatCell.m in Sources */ = {isa = PBXBuildFile; fileRef = ABA710F51DF75B3E00FA1F89 /* ChatCell.m */; };
		ABAACFA51DFA17EF00F9F9BB /* CreateProfileViewController.m in Sources */ = {isa = PBXBuildFile; fileRef = ABAACFA41DFA17EF00F9F9BB /* CreateProfileViewController.m */; };
		ABAACFA81DFA4D4200F9F9BB /* LoginViewController.m in Sources */ = {isa = PBXBuildFile; fileRef = ABAACFA71DFA4D4200F9F9BB /* LoginViewController.m */; };
		ABB64AE91DFA6F79004FD2EF /* GoogleService-Info.plist in Resources */ = {isa = PBXBuildFile; fileRef = ABB64AE81DFA6F79004FD2EF /* GoogleService-Info.plist */; };
		ABB64AED1DFA805F004FD2EF /* RoomInUser.m in Sources */ = {isa = PBXBuildFile; fileRef = ABB64AEC1DFA805F004FD2EF /* RoomInUser.m */; };
		ABE1D84B1DFA4F3A00E081B6 /* linkedin-sdk.framework in Frameworks */ = {isa = PBXBuildFile; fileRef = ABE1D84A1DFA4F3A00E081B6 /* linkedin-sdk.framework */; };
/* End PBXBuildFile section */

/* Begin PBXContainerItemProxy section */
		AB4105DB1DF6B02200BF1B6A /* PBXContainerItemProxy */ = {
			isa = PBXContainerItemProxy;
			containerPortal = AB4105B91DF6B02100BF1B6A /* Project object */;
			proxyType = 1;
			remoteGlobalIDString = AB4105C01DF6B02200BF1B6A;
			remoteInfo = RoomIn;
		};
/* End PBXContainerItemProxy section */

/* Begin PBXFileReference section */
		0CC2DC6C41508FF6DBDC2C14 /* Pods-RoomInTests.release.xcconfig */ = {isa = PBXFileReference; includeInIndex = 1; lastKnownFileType = text.xcconfig; name = "Pods-RoomInTests.release.xcconfig"; path = "Pods/Target Support Files/Pods-RoomInTests/Pods-RoomInTests.release.xcconfig"; sourceTree = "<group>"; };
		1A04F19665BE0EC2E6CF8AAC /* Pods-RoomIn.debug.xcconfig */ = {isa = PBXFileReference; includeInIndex = 1; lastKnownFileType = text.xcconfig; name = "Pods-RoomIn.debug.xcconfig"; path = "Pods/Target Support Files/Pods-RoomIn/Pods-RoomIn.debug.xcconfig"; sourceTree = "<group>"; };
		27A75836956BBA1661B9168B /* Pods-RoomIn.release.xcconfig */ = {isa = PBXFileReference; includeInIndex = 1; lastKnownFileType = text.xcconfig; name = "Pods-RoomIn.release.xcconfig"; path = "Pods/Target Support Files/Pods-RoomIn/Pods-RoomIn.release.xcconfig"; sourceTree = "<group>"; };
		343619112B419649E18F3E7D /* libPods-RoomIn.a */ = {isa = PBXFileReference; explicitFileType = archive.ar; includeInIndex = 0; path = "libPods-RoomIn.a"; sourceTree = BUILT_PRODUCTS_DIR; };
		390725993E151598F52AF3D5 /* libPods-RoomInTests.a */ = {isa = PBXFileReference; explicitFileType = archive.ar; includeInIndex = 0; path = "libPods-RoomInTests.a"; sourceTree = BUILT_PRODUCTS_DIR; };
		AB4105C11DF6B02200BF1B6A /* RoomIn.app */ = {isa = PBXFileReference; explicitFileType = wrapper.application; includeInIndex = 0; path = RoomIn.app; sourceTree = BUILT_PRODUCTS_DIR; };
		AB4105C51DF6B02200BF1B6A /* main.m */ = {isa = PBXFileReference; lastKnownFileType = sourcecode.c.objc; path = main.m; sourceTree = "<group>"; };
		AB4105C71DF6B02200BF1B6A /* AppDelegate.h */ = {isa = PBXFileReference; lastKnownFileType = sourcecode.c.h; path = AppDelegate.h; sourceTree = "<group>"; };
		AB4105C81DF6B02200BF1B6A /* AppDelegate.m */ = {isa = PBXFileReference; lastKnownFileType = sourcecode.c.objc; path = AppDelegate.m; sourceTree = "<group>"; };
		AB4105CE1DF6B02200BF1B6A /* Base */ = {isa = PBXFileReference; lastKnownFileType = file.storyboard; name = Base; path = Base.lproj/Main.storyboard; sourceTree = "<group>"; };
		AB4105D01DF6B02200BF1B6A /* Assets.xcassets */ = {isa = PBXFileReference; lastKnownFileType = folder.assetcatalog; path = Assets.xcassets; sourceTree = "<group>"; };
		AB4105D31DF6B02200BF1B6A /* Base */ = {isa = PBXFileReference; lastKnownFileType = file.storyboard; name = Base; path = Base.lproj/LaunchScreen.storyboard; sourceTree = "<group>"; };
		AB4105D51DF6B02200BF1B6A /* Info.plist */ = {isa = PBXFileReference; lastKnownFileType = text.plist.xml; path = Info.plist; sourceTree = "<group>"; };
		AB4105DA1DF6B02200BF1B6A /* RoomInTests.xctest */ = {isa = PBXFileReference; explicitFileType = wrapper.cfbundle; includeInIndex = 0; path = RoomInTests.xctest; sourceTree = BUILT_PRODUCTS_DIR; };
		AB4105DE1DF6B02200BF1B6A /* RoomInTests.m */ = {isa = PBXFileReference; lastKnownFileType = sourcecode.c.objc; path = RoomInTests.m; sourceTree = "<group>"; };
		AB4105E01DF6B02200BF1B6A /* Info.plist */ = {isa = PBXFileReference; lastKnownFileType = text.plist.xml; path = Info.plist; sourceTree = "<group>"; };
		ABA710C61DF737B500FA1F89 /* ResultsViewController.h */ = {isa = PBXFileReference; fileEncoding = 4; lastKnownFileType = sourcecode.c.h; path = ResultsViewController.h; sourceTree = "<group>"; };
		ABA710C71DF737B500FA1F89 /* ResultsViewController.m */ = {isa = PBXFileReference; fileEncoding = 4; lastKnownFileType = sourcecode.c.objc; path = ResultsViewController.m; sourceTree = "<group>"; };
		ABA710C91DF737E100FA1F89 /* FiltersViewController.h */ = {isa = PBXFileReference; fileEncoding = 4; lastKnownFileType = sourcecode.c.h; path = FiltersViewController.h; sourceTree = "<group>"; };
		ABA710CA1DF737E100FA1F89 /* FiltersViewController.m */ = {isa = PBXFileReference; fileEncoding = 4; lastKnownFileType = sourcecode.c.objc; path = FiltersViewController.m; sourceTree = "<group>"; };
		ABA710D01DF7392D00FA1F89 /* ProfileViewController.h */ = {isa = PBXFileReference; fileEncoding = 4; lastKnownFileType = sourcecode.c.h; path = ProfileViewController.h; sourceTree = "<group>"; };
		ABA710D11DF7392D00FA1F89 /* ProfileViewController.m */ = {isa = PBXFileReference; fileEncoding = 4; lastKnownFileType = sourcecode.c.objc; path = ProfileViewController.m; sourceTree = "<group>"; };
		ABA710D31DF7393E00FA1F89 /* EditProfileViewController.h */ = {isa = PBXFileReference; fileEncoding = 4; lastKnownFileType = sourcecode.c.h; path = EditProfileViewController.h; sourceTree = "<group>"; };
		ABA710D41DF7393E00FA1F89 /* EditProfileViewController.m */ = {isa = PBXFileReference; fileEncoding = 4; lastKnownFileType = sourcecode.c.objc; path = EditProfileViewController.m; sourceTree = "<group>"; };
		ABA710D61DF7397100FA1F89 /* MatchesViewController.h */ = {isa = PBXFileReference; fileEncoding = 4; lastKnownFileType = sourcecode.c.h; path = MatchesViewController.h; sourceTree = "<group>"; };
		ABA710D71DF7397100FA1F89 /* MatchesViewController.m */ = {isa = PBXFileReference; fileEncoding = 4; lastKnownFileType = sourcecode.c.objc; path = MatchesViewController.m; sourceTree = "<group>"; };
		ABA710D91DF7397B00FA1F89 /* MatchDetailsViewController.h */ = {isa = PBXFileReference; fileEncoding = 4; lastKnownFileType = sourcecode.c.h; path = MatchDetailsViewController.h; sourceTree = "<group>"; };
		ABA710DA1DF7397B00FA1F89 /* MatchDetailsViewController.m */ = {isa = PBXFileReference; fileEncoding = 4; lastKnownFileType = sourcecode.c.objc; path = MatchDetailsViewController.m; sourceTree = "<group>"; };
		ABA710DC1DF7398400FA1F89 /* SortMatchesViewController.h */ = {isa = PBXFileReference; fileEncoding = 4; lastKnownFileType = sourcecode.c.h; path = SortMatchesViewController.h; sourceTree = "<group>"; };
		ABA710DD1DF7398400FA1F89 /* SortMatchesViewController.m */ = {isa = PBXFileReference; fileEncoding = 4; lastKnownFileType = sourcecode.c.objc; path = SortMatchesViewController.m; sourceTree = "<group>"; };
		ABA710DF1DF7399F00FA1F89 /* MessagesViewController.h */ = {isa = PBXFileReference; fileEncoding = 4; lastKnownFileType = sourcecode.c.h; path = MessagesViewController.h; sourceTree = "<group>"; };
		ABA710E01DF7399F00FA1F89 /* MessagesViewController.m */ = {isa = PBXFileReference; fileEncoding = 4; lastKnownFileType = sourcecode.c.objc; path = MessagesViewController.m; sourceTree = "<group>"; };
		ABA710E21DF739AC00FA1F89 /* SortMessagesViewController.h */ = {isa = PBXFileReference; fileEncoding = 4; lastKnownFileType = sourcecode.c.h; path = SortMessagesViewController.h; sourceTree = "<group>"; };
		ABA710E31DF739AC00FA1F89 /* SortMessagesViewController.m */ = {isa = PBXFileReference; fileEncoding = 4; lastKnownFileType = sourcecode.c.objc; path = SortMessagesViewController.m; sourceTree = "<group>"; };
		ABA710E51DF739D100FA1F89 /* MessageDetailsViewController.h */ = {isa = PBXFileReference; fileEncoding = 4; lastKnownFileType = sourcecode.c.h; path = MessageDetailsViewController.h; sourceTree = "<group>"; };
		ABA710E61DF739D100FA1F89 /* MessageDetailsViewController.m */ = {isa = PBXFileReference; fileEncoding = 4; lastKnownFileType = sourcecode.c.objc; path = MessageDetailsViewController.m; sourceTree = "<group>"; };
		ABA710E81DF741C100FA1F89 /* SearchResultCell.h */ = {isa = PBXFileReference; fileEncoding = 4; lastKnownFileType = sourcecode.c.h; path = SearchResultCell.h; sourceTree = "<group>"; };
		ABA710E91DF741C100FA1F89 /* SearchResultCell.m */ = {isa = PBXFileReference; fileEncoding = 4; lastKnownFileType = sourcecode.c.objc; path = SearchResultCell.m; sourceTree = "<group>"; };
		ABA710EE1DF7433600FA1F89 /* MatchCell.h */ = {isa = PBXFileReference; fileEncoding = 4; lastKnownFileType = sourcecode.c.h; path = MatchCell.h; sourceTree = "<group>"; };
		ABA710EF1DF7433600FA1F89 /* MatchCell.m */ = {isa = PBXFileReference; fileEncoding = 4; lastKnownFileType = sourcecode.c.objc; path = MatchCell.m; sourceTree = "<group>"; };
		ABA710F11DF7590A00FA1F89 /* MessageCell.h */ = {isa = PBXFileReference; fileEncoding = 4; lastKnownFileType = sourcecode.c.h; path = MessageCell.h; sourceTree = "<group>"; };
		ABA710F21DF7590A00FA1F89 /* MessageCell.m */ = {isa = PBXFileReference; fileEncoding = 4; lastKnownFileType = sourcecode.c.objc; path = MessageCell.m; sourceTree = "<group>"; };
		ABA710F41DF75B3E00FA1F89 /* ChatCell.h */ = {isa = PBXFileReference; fileEncoding = 4; lastKnownFileType = sourcecode.c.h; path = ChatCell.h; sourceTree = "<group>"; };
		ABA710F51DF75B3E00FA1F89 /* ChatCell.m */ = {isa = PBXFileReference; fileEncoding = 4; lastKnownFileType = sourcecode.c.objc; path = ChatCell.m; sourceTree = "<group>"; };
		ABAACFA31DFA17EF00F9F9BB /* CreateProfileViewController.h */ = {isa = PBXFileReference; fileEncoding = 4; lastKnownFileType = sourcecode.c.h; path = CreateProfileViewController.h; sourceTree = "<group>"; };
		ABAACFA41DFA17EF00F9F9BB /* CreateProfileViewController.m */ = {isa = PBXFileReference; fileEncoding = 4; lastKnownFileType = sourcecode.c.objc; path = CreateProfileViewController.m; sourceTree = "<group>"; };
		ABAACFA61DFA4D4200F9F9BB /* LoginViewController.h */ = {isa = PBXFileReference; fileEncoding = 4; lastKnownFileType = sourcecode.c.h; path = LoginViewController.h; sourceTree = "<group>"; };
		ABAACFA71DFA4D4200F9F9BB /* LoginViewController.m */ = {isa = PBXFileReference; fileEncoding = 4; lastKnownFileType = sourcecode.c.objc; path = LoginViewController.m; sourceTree = "<group>"; };
		ABB64AE81DFA6F79004FD2EF /* GoogleService-Info.plist */ = {isa = PBXFileReference; fileEncoding = 4; lastKnownFileType = text.plist.xml; name = "GoogleService-Info.plist"; path = "../../../../../../Downloads/GoogleService-Info.plist"; sourceTree = "<group>"; };
		ABB64AEB1DFA805F004FD2EF /* RoomInUser.h */ = {isa = PBXFileReference; fileEncoding = 4; lastKnownFileType = sourcecode.c.h; path = RoomInUser.h; sourceTree = "<group>"; };
		ABB64AEC1DFA805F004FD2EF /* RoomInUser.m */ = {isa = PBXFileReference; fileEncoding = 4; lastKnownFileType = sourcecode.c.objc; path = RoomInUser.m; sourceTree = "<group>"; };
		ABE1D84A1DFA4F3A00E081B6 /* linkedin-sdk.framework */ = {isa = PBXFileReference; lastKnownFileType = wrapper.framework; path = "linkedin-sdk.framework"; sourceTree = "<group>"; };
		C886DDEF22CE39CEFB01D6EA /* Pods-RoomInTests.debug.xcconfig */ = {isa = PBXFileReference; includeInIndex = 1; lastKnownFileType = text.xcconfig; name = "Pods-RoomInTests.debug.xcconfig"; path = "Pods/Target Support Files/Pods-RoomInTests/Pods-RoomInTests.debug.xcconfig"; sourceTree = "<group>"; };
/* End PBXFileReference section */

/* Begin PBXFrameworksBuildPhase section */
		AB4105BE1DF6B02200BF1B6A /* Frameworks */ = {
			isa = PBXFrameworksBuildPhase;
			buildActionMask = 2147483647;
			files = (
				ABE1D84B1DFA4F3A00E081B6 /* linkedin-sdk.framework in Frameworks */,
				9B1BA5B706574B7BDF288C50 /* libPods-RoomIn.a in Frameworks */,
			);
			runOnlyForDeploymentPostprocessing = 0;
		};
		AB4105D71DF6B02200BF1B6A /* Frameworks */ = {
			isa = PBXFrameworksBuildPhase;
			buildActionMask = 2147483647;
			files = (
				42659AC81A2CB789BFC0AF94 /* libPods-RoomInTests.a in Frameworks */,
			);
			runOnlyForDeploymentPostprocessing = 0;
		};
/* End PBXFrameworksBuildPhase section */

/* Begin PBXGroup section */
		259168C9C0235AE2A4C6DF8C /* Frameworks */ = {
			isa = PBXGroup;
			children = (
				343619112B419649E18F3E7D /* libPods-RoomIn.a */,
				390725993E151598F52AF3D5 /* libPods-RoomInTests.a */,
			);
			name = Frameworks;
			sourceTree = "<group>";
		};
		AB4105B81DF6B02100BF1B6A = {
			isa = PBXGroup;
			children = (
				ABE1D84A1DFA4F3A00E081B6 /* linkedin-sdk.framework */,
				AB4105C31DF6B02200BF1B6A /* RoomIn */,
				AB4105DD1DF6B02200BF1B6A /* RoomInTests */,
				AB4105C21DF6B02200BF1B6A /* Products */,
				EE9634ECAF3B0A0A348C735A /* Pods */,
				259168C9C0235AE2A4C6DF8C /* Frameworks */,
			);
			sourceTree = "<group>";
		};
		AB4105C21DF6B02200BF1B6A /* Products */ = {
			isa = PBXGroup;
			children = (
				AB4105C11DF6B02200BF1B6A /* RoomIn.app */,
				AB4105DA1DF6B02200BF1B6A /* RoomInTests.xctest */,
			);
			name = Products;
			sourceTree = "<group>";
		};
		AB4105C31DF6B02200BF1B6A /* RoomIn */ = {
			isa = PBXGroup;
			children = (
				ABB64AEA1DFA8041004FD2EF /* Model */,
				ABA710C51DF7377300FA1F89 /* View Controllers */,
				AB4105C71DF6B02200BF1B6A /* AppDelegate.h */,
				AB4105C81DF6B02200BF1B6A /* AppDelegate.m */,
				AB4105CD1DF6B02200BF1B6A /* Main.storyboard */,
				AB4105D01DF6B02200BF1B6A /* Assets.xcassets */,
				AB4105D21DF6B02200BF1B6A /* LaunchScreen.storyboard */,
				AB4105D51DF6B02200BF1B6A /* Info.plist */,
				ABB64AE81DFA6F79004FD2EF /* GoogleService-Info.plist */,
				AB4105C41DF6B02200BF1B6A /* Supporting Files */,
			);
			path = RoomIn;
			sourceTree = "<group>";
		};
		AB4105C41DF6B02200BF1B6A /* Supporting Files */ = {
			isa = PBXGroup;
			children = (
				AB4105C51DF6B02200BF1B6A /* main.m */,
			);
			name = "Supporting Files";
			sourceTree = "<group>";
		};
		AB4105DD1DF6B02200BF1B6A /* RoomInTests */ = {
			isa = PBXGroup;
			children = (
				AB4105DE1DF6B02200BF1B6A /* RoomInTests.m */,
				AB4105E01DF6B02200BF1B6A /* Info.plist */,
			);
			path = RoomInTests;
			sourceTree = "<group>";
		};
		ABA710C51DF7377300FA1F89 /* View Controllers */ = {
			isa = PBXGroup;
			children = (
				ABAACFA31DFA17EF00F9F9BB /* CreateProfileViewController.h */,
				ABAACFA41DFA17EF00F9F9BB /* CreateProfileViewController.m */,
				ABAACFA61DFA4D4200F9F9BB /* LoginViewController.h */,
				ABAACFA71DFA4D4200F9F9BB /* LoginViewController.m */,
				ABA710CF1DF738B900FA1F89 /* Matches */,
				ABA710CE1DF738B300FA1F89 /* Messages */,
				ABA710CD1DF738A900FA1F89 /* Search */,
				ABA710CC1DF7388D00FA1F89 /* Profile */,
			);
			name = "View Controllers";
			sourceTree = "<group>";
		};
		ABA710CC1DF7388D00FA1F89 /* Profile */ = {
			isa = PBXGroup;
			children = (
				ABA710D01DF7392D00FA1F89 /* ProfileViewController.h */,
				ABA710D11DF7392D00FA1F89 /* ProfileViewController.m */,
				ABA710D31DF7393E00FA1F89 /* EditProfileViewController.h */,
				ABA710D41DF7393E00FA1F89 /* EditProfileViewController.m */,
			);
			name = Profile;
			sourceTree = "<group>";
		};
		ABA710CD1DF738A900FA1F89 /* Search */ = {
			isa = PBXGroup;
			children = (
				ABA710E81DF741C100FA1F89 /* SearchResultCell.h */,
				ABA710E91DF741C100FA1F89 /* SearchResultCell.m */,
				ABA710C91DF737E100FA1F89 /* FiltersViewController.h */,
				ABA710CA1DF737E100FA1F89 /* FiltersViewController.m */,
				ABA710C61DF737B500FA1F89 /* ResultsViewController.h */,
				ABA710C71DF737B500FA1F89 /* ResultsViewController.m */,
			);
			name = Search;
			sourceTree = "<group>";
		};
		ABA710CE1DF738B300FA1F89 /* Messages */ = {
			isa = PBXGroup;
			children = (
				ABA710F41DF75B3E00FA1F89 /* ChatCell.h */,
				ABA710F51DF75B3E00FA1F89 /* ChatCell.m */,
				ABA710F11DF7590A00FA1F89 /* MessageCell.h */,
				ABA710F21DF7590A00FA1F89 /* MessageCell.m */,
				ABA710DF1DF7399F00FA1F89 /* MessagesViewController.h */,
				ABA710E01DF7399F00FA1F89 /* MessagesViewController.m */,
				ABA710E21DF739AC00FA1F89 /* SortMessagesViewController.h */,
				ABA710E31DF739AC00FA1F89 /* SortMessagesViewController.m */,
				ABA710E51DF739D100FA1F89 /* MessageDetailsViewController.h */,
				ABA710E61DF739D100FA1F89 /* MessageDetailsViewController.m */,
			);
			name = Messages;
			sourceTree = "<group>";
		};
		ABA710CF1DF738B900FA1F89 /* Matches */ = {
			isa = PBXGroup;
			children = (
				ABA710EE1DF7433600FA1F89 /* MatchCell.h */,
				ABA710EF1DF7433600FA1F89 /* MatchCell.m */,
				ABA710D61DF7397100FA1F89 /* MatchesViewController.h */,
				ABA710D71DF7397100FA1F89 /* MatchesViewController.m */,
				ABA710D91DF7397B00FA1F89 /* MatchDetailsViewController.h */,
				ABA710DA1DF7397B00FA1F89 /* MatchDetailsViewController.m */,
				ABA710DC1DF7398400FA1F89 /* SortMatchesViewController.h */,
				ABA710DD1DF7398400FA1F89 /* SortMatchesViewController.m */,
			);
			name = Matches;
			sourceTree = "<group>";
		};
		ABB64AEA1DFA8041004FD2EF /* Model */ = {
			isa = PBXGroup;
			children = (
				ABB64AEB1DFA805F004FD2EF /* RoomInUser.h */,
				ABB64AEC1DFA805F004FD2EF /* RoomInUser.m */,
			);
			name = Model;
			sourceTree = "<group>";
		};
		EE9634ECAF3B0A0A348C735A /* Pods */ = {
			isa = PBXGroup;
			children = (
				1A04F19665BE0EC2E6CF8AAC /* Pods-RoomIn.debug.xcconfig */,
				27A75836956BBA1661B9168B /* Pods-RoomIn.release.xcconfig */,
				C886DDEF22CE39CEFB01D6EA /* Pods-RoomInTests.debug.xcconfig */,
				0CC2DC6C41508FF6DBDC2C14 /* Pods-RoomInTests.release.xcconfig */,
			);
			name = Pods;
			sourceTree = "<group>";
		};
/* End PBXGroup section */

/* Begin PBXNativeTarget section */
		AB4105C01DF6B02200BF1B6A /* RoomIn */ = {
			isa = PBXNativeTarget;
			buildConfigurationList = AB4105E31DF6B02200BF1B6A /* Build configuration list for PBXNativeTarget "RoomIn" */;
			buildPhases = (
				07B781B7FAA7CEB9440447D8 /* [CP] Check Pods Manifest.lock */,
				AB4105BD1DF6B02200BF1B6A /* Sources */,
				AB4105BE1DF6B02200BF1B6A /* Frameworks */,
				AB4105BF1DF6B02200BF1B6A /* Resources */,
				4AE24772CDFF5C7541C74A6F /* [CP] Embed Pods Frameworks */,
				CB65433F020236C6CF6A26F2 /* [CP] Copy Pods Resources */,
			);
			buildRules = (
			);
			dependencies = (
			);
			name = RoomIn;
			productName = RoomIn;
			productReference = AB4105C11DF6B02200BF1B6A /* RoomIn.app */;
			productType = "com.apple.product-type.application";
		};
		AB4105D91DF6B02200BF1B6A /* RoomInTests */ = {
			isa = PBXNativeTarget;
			buildConfigurationList = AB4105E61DF6B02200BF1B6A /* Build configuration list for PBXNativeTarget "RoomInTests" */;
			buildPhases = (
				6D76D1BE95F5FD11E4C12903 /* [CP] Check Pods Manifest.lock */,
				AB4105D61DF6B02200BF1B6A /* Sources */,
				AB4105D71DF6B02200BF1B6A /* Frameworks */,
				AB4105D81DF6B02200BF1B6A /* Resources */,
				C8DF575E1A9C6E81297065CF /* [CP] Embed Pods Frameworks */,
				69E22E80CEE485AAFFF8D751 /* [CP] Copy Pods Resources */,
			);
			buildRules = (
			);
			dependencies = (
				AB4105DC1DF6B02200BF1B6A /* PBXTargetDependency */,
			);
			name = RoomInTests;
			productName = RoomInTests;
			productReference = AB4105DA1DF6B02200BF1B6A /* RoomInTests.xctest */;
			productType = "com.apple.product-type.bundle.unit-test";
		};
/* End PBXNativeTarget section */

/* Begin PBXProject section */
		AB4105B91DF6B02100BF1B6A /* Project object */ = {
			isa = PBXProject;
			attributes = {
				LastUpgradeCheck = 0810;
				ORGANIZATIONNAME = JonathanWang;
				TargetAttributes = {
					AB4105C01DF6B02200BF1B6A = {
						CreatedOnToolsVersion = 8.1;
						DevelopmentTeam = B8UFVTJ84Q;
						ProvisioningStyle = Automatic;
					};
					AB4105D91DF6B02200BF1B6A = {
						CreatedOnToolsVersion = 8.1;
						DevelopmentTeam = B8UFVTJ84Q;
						ProvisioningStyle = Automatic;
						TestTargetID = AB4105C01DF6B02200BF1B6A;
					};
				};
			};
			buildConfigurationList = AB4105BC1DF6B02100BF1B6A /* Build configuration list for PBXProject "RoomIn" */;
			compatibilityVersion = "Xcode 3.2";
			developmentRegion = English;
			hasScannedForEncodings = 0;
			knownRegions = (
				en,
				Base,
			);
			mainGroup = AB4105B81DF6B02100BF1B6A;
			productRefGroup = AB4105C21DF6B02200BF1B6A /* Products */;
			projectDirPath = "";
			projectRoot = "";
			targets = (
				AB4105C01DF6B02200BF1B6A /* RoomIn */,
				AB4105D91DF6B02200BF1B6A /* RoomInTests */,
			);
		};
/* End PBXProject section */

/* Begin PBXResourcesBuildPhase section */
		AB4105BF1DF6B02200BF1B6A /* Resources */ = {
			isa = PBXResourcesBuildPhase;
			buildActionMask = 2147483647;
			files = (
				AB4105D41DF6B02200BF1B6A /* LaunchScreen.storyboard in Resources */,
				ABB64AE91DFA6F79004FD2EF /* GoogleService-Info.plist in Resources */,
				AB4105D11DF6B02200BF1B6A /* Assets.xcassets in Resources */,
				AB4105CF1DF6B02200BF1B6A /* Main.storyboard in Resources */,
			);
			runOnlyForDeploymentPostprocessing = 0;
		};
		AB4105D81DF6B02200BF1B6A /* Resources */ = {
			isa = PBXResourcesBuildPhase;
			buildActionMask = 2147483647;
			files = (
			);
			runOnlyForDeploymentPostprocessing = 0;
		};
/* End PBXResourcesBuildPhase section */

/* Begin PBXShellScriptBuildPhase section */
		07B781B7FAA7CEB9440447D8 /* [CP] Check Pods Manifest.lock */ = {
			isa = PBXShellScriptBuildPhase;
			buildActionMask = 2147483647;
			files = (
			);
			inputPaths = (
			);
			name = "[CP] Check Pods Manifest.lock";
			outputPaths = (
			);
			runOnlyForDeploymentPostprocessing = 0;
			shellPath = /bin/sh;
			shellScript = "diff \"${PODS_ROOT}/../Podfile.lock\" \"${PODS_ROOT}/Manifest.lock\" > /dev/null\nif [[ $? != 0 ]] ; then\n    cat << EOM\nerror: The sandbox is not in sync with the Podfile.lock. Run 'pod install' or update your CocoaPods installation.\nEOM\n    exit 1\nfi\n";
			showEnvVarsInLog = 0;
		};
		4AE24772CDFF5C7541C74A6F /* [CP] Embed Pods Frameworks */ = {
			isa = PBXShellScriptBuildPhase;
			buildActionMask = 2147483647;
			files = (
			);
			inputPaths = (
			);
			name = "[CP] Embed Pods Frameworks";
			outputPaths = (
			);
			runOnlyForDeploymentPostprocessing = 0;
			shellPath = /bin/sh;
			shellScript = "\"${SRCROOT}/Pods/Target Support Files/Pods-RoomIn/Pods-RoomIn-frameworks.sh\"\n";
			showEnvVarsInLog = 0;
		};
		69E22E80CEE485AAFFF8D751 /* [CP] Copy Pods Resources */ = {
			isa = PBXShellScriptBuildPhase;
			buildActionMask = 2147483647;
			files = (
			);
			inputPaths = (
			);
			name = "[CP] Copy Pods Resources";
			outputPaths = (
			);
			runOnlyForDeploymentPostprocessing = 0;
			shellPath = /bin/sh;
			shellScript = "\"${SRCROOT}/Pods/Target Support Files/Pods-RoomInTests/Pods-RoomInTests-resources.sh\"\n";
			showEnvVarsInLog = 0;
		};
		6D76D1BE95F5FD11E4C12903 /* [CP] Check Pods Manifest.lock */ = {
			isa = PBXShellScriptBuildPhase;
			buildActionMask = 2147483647;
			files = (
			);
			inputPaths = (
			);
			name = "[CP] Check Pods Manifest.lock";
			outputPaths = (
			);
			runOnlyForDeploymentPostprocessing = 0;
			shellPath = /bin/sh;
			shellScript = "diff \"${PODS_ROOT}/../Podfile.lock\" \"${PODS_ROOT}/Manifest.lock\" > /dev/null\nif [[ $? != 0 ]] ; then\n    cat << EOM\nerror: The sandbox is not in sync with the Podfile.lock. Run 'pod install' or update your CocoaPods installation.\nEOM\n    exit 1\nfi\n";
			showEnvVarsInLog = 0;
		};
		C8DF575E1A9C6E81297065CF /* [CP] Embed Pods Frameworks */ = {
			isa = PBXShellScriptBuildPhase;
			buildActionMask = 2147483647;
			files = (
			);
			inputPaths = (
			);
			name = "[CP] Embed Pods Frameworks";
			outputPaths = (
			);
			runOnlyForDeploymentPostprocessing = 0;
			shellPath = /bin/sh;
			shellScript = "\"${SRCROOT}/Pods/Target Support Files/Pods-RoomInTests/Pods-RoomInTests-frameworks.sh\"\n";
			showEnvVarsInLog = 0;
		};
		CB65433F020236C6CF6A26F2 /* [CP] Copy Pods Resources */ = {
			isa = PBXShellScriptBuildPhase;
			buildActionMask = 2147483647;
			files = (
			);
			inputPaths = (
			);
			name = "[CP] Copy Pods Resources";
			outputPaths = (
			);
			runOnlyForDeploymentPostprocessing = 0;
			shellPath = /bin/sh;
			shellScript = "\"${SRCROOT}/Pods/Target Support Files/Pods-RoomIn/Pods-RoomIn-resources.sh\"\n";
			showEnvVarsInLog = 0;
		};
/* End PBXShellScriptBuildPhase section */

/* Begin PBXSourcesBuildPhase section */
		AB4105BD1DF6B02200BF1B6A /* Sources */ = {
			isa = PBXSourcesBuildPhase;
			buildActionMask = 2147483647;
			files = (
				AB4105C91DF6B02200BF1B6A /* AppDelegate.m in Sources */,
				AB4105C61DF6B02200BF1B6A /* main.m in Sources */,
				ABAACFA51DFA17EF00F9F9BB /* CreateProfileViewController.m in Sources */,
				ABA710D51DF7393E00FA1F89 /* EditProfileViewController.m in Sources */,
				ABA710DE1DF7398400FA1F89 /* SortMatchesViewController.m in Sources */,
				ABA710F01DF7433600FA1F89 /* MatchCell.m in Sources */,
				ABA710DB1DF7397B00FA1F89 /* MatchDetailsViewController.m in Sources */,
				ABA710E11DF7399F00FA1F89 /* MessagesViewController.m in Sources */,
				ABA710CB1DF737E100FA1F89 /* FiltersViewController.m in Sources */,
				ABA710F61DF75B3E00FA1F89 /* ChatCell.m in Sources */,
				ABA710D21DF7392D00FA1F89 /* ProfileViewController.m in Sources */,
				ABA710D81DF7397100FA1F89 /* MatchesViewController.m in Sources */,
				ABA710E71DF739D100FA1F89 /* MessageDetailsViewController.m in Sources */,
				ABA710E41DF739AC00FA1F89 /* SortMessagesViewController.m in Sources */,
				ABAACFA81DFA4D4200F9F9BB /* LoginViewController.m in Sources */,
				ABB64AED1DFA805F004FD2EF /* RoomInUser.m in Sources */,
				ABA710F31DF7590A00FA1F89 /* MessageCell.m in Sources */,
				ABA710EA1DF741C100FA1F89 /* SearchResultCell.m in Sources */,
				ABA710C81DF737B500FA1F89 /* ResultsViewController.m in Sources */,
			);
			runOnlyForDeploymentPostprocessing = 0;
		};
		AB4105D61DF6B02200BF1B6A /* Sources */ = {
			isa = PBXSourcesBuildPhase;
			buildActionMask = 2147483647;
			files = (
				AB4105DF1DF6B02200BF1B6A /* RoomInTests.m in Sources */,
			);
			runOnlyForDeploymentPostprocessing = 0;
		};
/* End PBXSourcesBuildPhase section */

/* Begin PBXTargetDependency section */
		AB4105DC1DF6B02200BF1B6A /* PBXTargetDependency */ = {
			isa = PBXTargetDependency;
			target = AB4105C01DF6B02200BF1B6A /* RoomIn */;
			targetProxy = AB4105DB1DF6B02200BF1B6A /* PBXContainerItemProxy */;
		};
/* End PBXTargetDependency section */

/* Begin PBXVariantGroup section */
		AB4105CD1DF6B02200BF1B6A /* Main.storyboard */ = {
			isa = PBXVariantGroup;
			children = (
				AB4105CE1DF6B02200BF1B6A /* Base */,
			);
			name = Main.storyboard;
			sourceTree = "<group>";
		};
		AB4105D21DF6B02200BF1B6A /* LaunchScreen.storyboard */ = {
			isa = PBXVariantGroup;
			children = (
				AB4105D31DF6B02200BF1B6A /* Base */,
			);
			name = LaunchScreen.storyboard;
			sourceTree = "<group>";
		};
/* End PBXVariantGroup section */

/* Begin XCBuildConfiguration section */
		AB4105E11DF6B02200BF1B6A /* Debug */ = {
			isa = XCBuildConfiguration;
			buildSettings = {
				ALWAYS_SEARCH_USER_PATHS = NO;
				CLANG_ANALYZER_NONNULL = YES;
				CLANG_CXX_LANGUAGE_STANDARD = "gnu++0x";
				CLANG_CXX_LIBRARY = "libc++";
				CLANG_ENABLE_MODULES = YES;
				CLANG_ENABLE_OBJC_ARC = YES;
				CLANG_WARN_BOOL_CONVERSION = YES;
				CLANG_WARN_CONSTANT_CONVERSION = YES;
				CLANG_WARN_DIRECT_OBJC_ISA_USAGE = YES_ERROR;
				CLANG_WARN_DOCUMENTATION_COMMENTS = YES;
				CLANG_WARN_EMPTY_BODY = YES;
				CLANG_WARN_ENUM_CONVERSION = YES;
				CLANG_WARN_INFINITE_RECURSION = YES;
				CLANG_WARN_INT_CONVERSION = YES;
				CLANG_WARN_OBJC_ROOT_CLASS = YES_ERROR;
				CLANG_WARN_SUSPICIOUS_MOVES = YES;
				CLANG_WARN_UNREACHABLE_CODE = YES;
				CLANG_WARN__DUPLICATE_METHOD_MATCH = YES;
				"CODE_SIGN_IDENTITY[sdk=iphoneos*]" = "iPhone Developer";
				COPY_PHASE_STRIP = NO;
				DEBUG_INFORMATION_FORMAT = dwarf;
				ENABLE_STRICT_OBJC_MSGSEND = YES;
				ENABLE_TESTABILITY = YES;
				GCC_C_LANGUAGE_STANDARD = gnu99;
				GCC_DYNAMIC_NO_PIC = NO;
				GCC_NO_COMMON_BLOCKS = YES;
				GCC_OPTIMIZATION_LEVEL = 0;
				GCC_PREPROCESSOR_DEFINITIONS = (
					"DEBUG=1",
					"$(inherited)",
				);
				GCC_WARN_64_TO_32_BIT_CONVERSION = YES;
				GCC_WARN_ABOUT_RETURN_TYPE = YES_ERROR;
				GCC_WARN_UNDECLARED_SELECTOR = YES;
				GCC_WARN_UNINITIALIZED_AUTOS = YES_AGGRESSIVE;
				GCC_WARN_UNUSED_FUNCTION = YES;
				GCC_WARN_UNUSED_VARIABLE = YES;
				IPHONEOS_DEPLOYMENT_TARGET = 10.1;
				MTL_ENABLE_DEBUG_INFO = YES;
				ONLY_ACTIVE_ARCH = YES;
				SDKROOT = iphoneos;
			};
			name = Debug;
		};
		AB4105E21DF6B02200BF1B6A /* Release */ = {
			isa = XCBuildConfiguration;
			buildSettings = {
				ALWAYS_SEARCH_USER_PATHS = NO;
				CLANG_ANALYZER_NONNULL = YES;
				CLANG_CXX_LANGUAGE_STANDARD = "gnu++0x";
				CLANG_CXX_LIBRARY = "libc++";
				CLANG_ENABLE_MODULES = YES;
				CLANG_ENABLE_OBJC_ARC = YES;
				CLANG_WARN_BOOL_CONVERSION = YES;
				CLANG_WARN_CONSTANT_CONVERSION = YES;
				CLANG_WARN_DIRECT_OBJC_ISA_USAGE = YES_ERROR;
				CLANG_WARN_DOCUMENTATION_COMMENTS = YES;
				CLANG_WARN_EMPTY_BODY = YES;
				CLANG_WARN_ENUM_CONVERSION = YES;
				CLANG_WARN_INFINITE_RECURSION = YES;
				CLANG_WARN_INT_CONVERSION = YES;
				CLANG_WARN_OBJC_ROOT_CLASS = YES_ERROR;
				CLANG_WARN_SUSPICIOUS_MOVES = YES;
				CLANG_WARN_UNREACHABLE_CODE = YES;
				CLANG_WARN__DUPLICATE_METHOD_MATCH = YES;
				"CODE_SIGN_IDENTITY[sdk=iphoneos*]" = "iPhone Developer";
				COPY_PHASE_STRIP = NO;
				DEBUG_INFORMATION_FORMAT = "dwarf-with-dsym";
				ENABLE_NS_ASSERTIONS = NO;
				ENABLE_STRICT_OBJC_MSGSEND = YES;
				GCC_C_LANGUAGE_STANDARD = gnu99;
				GCC_NO_COMMON_BLOCKS = YES;
				GCC_WARN_64_TO_32_BIT_CONVERSION = YES;
				GCC_WARN_ABOUT_RETURN_TYPE = YES_ERROR;
				GCC_WARN_UNDECLARED_SELECTOR = YES;
				GCC_WARN_UNINITIALIZED_AUTOS = YES_AGGRESSIVE;
				GCC_WARN_UNUSED_FUNCTION = YES;
				GCC_WARN_UNUSED_VARIABLE = YES;
				IPHONEOS_DEPLOYMENT_TARGET = 10.1;
				MTL_ENABLE_DEBUG_INFO = NO;
				SDKROOT = iphoneos;
				VALIDATE_PRODUCT = YES;
			};
			name = Release;
		};
		AB4105E41DF6B02200BF1B6A /* Debug */ = {
			isa = XCBuildConfiguration;
			baseConfigurationReference = 1A04F19665BE0EC2E6CF8AAC /* Pods-RoomIn.debug.xcconfig */;
			buildSettings = {
				ASSETCATALOG_COMPILER_APPICON_NAME = AppIcon;
				DEVELOPMENT_TEAM = B8UFVTJ84Q;
				FRAMEWORK_SEARCH_PATHS = (
					"$(inherited)",
					"$(PROJECT_DIR)",
				);
				INFOPLIST_FILE = RoomIn/Info.plist;
				LD_RUNPATH_SEARCH_PATHS = "$(inherited) @executable_path/Frameworks";
				PRODUCT_BUNDLE_IDENTIFIER = com.jonathanwang.RoomIn;
				PRODUCT_NAME = "$(TARGET_NAME)";
			};
			name = Debug;
		};
		AB4105E51DF6B02200BF1B6A /* Release */ = {
			isa = XCBuildConfiguration;
			baseConfigurationReference = 27A75836956BBA1661B9168B /* Pods-RoomIn.release.xcconfig */;
			buildSettings = {
				ASSETCATALOG_COMPILER_APPICON_NAME = AppIcon;
				DEVELOPMENT_TEAM = B8UFVTJ84Q;
				FRAMEWORK_SEARCH_PATHS = (
					"$(inherited)",
					"$(PROJECT_DIR)",
				);
				INFOPLIST_FILE = RoomIn/Info.plist;
				LD_RUNPATH_SEARCH_PATHS = "$(inherited) @executable_path/Frameworks";
				PRODUCT_BUNDLE_IDENTIFIER = com.jonathanwang.RoomIn;
				PRODUCT_NAME = "$(TARGET_NAME)";
			};
			name = Release;
		};
		AB4105E71DF6B02200BF1B6A /* Debug */ = {
			isa = XCBuildConfiguration;
			baseConfigurationReference = C886DDEF22CE39CEFB01D6EA /* Pods-RoomInTests.debug.xcconfig */;
			buildSettings = {
				BUNDLE_LOADER = "$(TEST_HOST)";
				DEVELOPMENT_TEAM = B8UFVTJ84Q;
				INFOPLIST_FILE = RoomInTests/Info.plist;
				LD_RUNPATH_SEARCH_PATHS = "$(inherited) @executable_path/Frameworks @loader_path/Frameworks";
				PRODUCT_BUNDLE_IDENTIFIER = com.jonathanwang.RoomInTests;
				PRODUCT_NAME = "$(TARGET_NAME)";
				TEST_HOST = "$(BUILT_PRODUCTS_DIR)/RoomIn.app/RoomIn";
			};
			name = Debug;
		};
		AB4105E81DF6B02200BF1B6A /* Release */ = {
			isa = XCBuildConfiguration;
			baseConfigurationReference = 0CC2DC6C41508FF6DBDC2C14 /* Pods-RoomInTests.release.xcconfig */;
			buildSettings = {
				BUNDLE_LOADER = "$(TEST_HOST)";
				DEVELOPMENT_TEAM = B8UFVTJ84Q;
				INFOPLIST_FILE = RoomInTests/Info.plist;
				LD_RUNPATH_SEARCH_PATHS = "$(inherited) @executable_path/Frameworks @loader_path/Frameworks";
				PRODUCT_BUNDLE_IDENTIFIER = com.jonathanwang.RoomInTests;
				PRODUCT_NAME = "$(TARGET_NAME)";
				TEST_HOST = "$(BUILT_PRODUCTS_DIR)/RoomIn.app/RoomIn";
			};
			name = Release;
		};
/* End XCBuildConfiguration section */

/* Begin XCConfigurationList section */
		AB4105BC1DF6B02100BF1B6A /* Build configuration list for PBXProject "RoomIn" */ = {
			isa = XCConfigurationList;
			buildConfigurations = (
				AB4105E11DF6B02200BF1B6A /* Debug */,
				AB4105E21DF6B02200BF1B6A /* Release */,
			);
			defaultConfigurationIsVisible = 0;
			defaultConfigurationName = Release;
		};
		AB4105E31DF6B02200BF1B6A /* Build configuration list for PBXNativeTarget "RoomIn" */ = {
			isa = XCConfigurationList;
			buildConfigurations = (
				AB4105E41DF6B02200BF1B6A /* Debug */,
				AB4105E51DF6B02200BF1B6A /* Release */,
			);
			defaultConfigurationIsVisible = 0;
			defaultConfigurationName = Release;
		};
		AB4105E61DF6B02200BF1B6A /* Build configuration list for PBXNativeTarget "RoomInTests" */ = {
			isa = XCConfigurationList;
			buildConfigurations = (
				AB4105E71DF6B02200BF1B6A /* Debug */,
				AB4105E81DF6B02200BF1B6A /* Release */,
			);
			defaultConfigurationIsVisible = 0;
			defaultConfigurationName = Release;
		};
/* End XCConfigurationList section */
	};
	rootObject = AB4105B91DF6B02100BF1B6A /* Project object */;
}
